{
    "_meta": {
        "hash": {
            "sha256": "cb6f8a1d67f0864f4139fa5652d9e7e04c8e963f8cb71880665d8b2385adf433"
        },
        "pipfile-spec": 6,
        "requires": {
            "python_version": "3.7"
        },
        "sources": [
            {
                "name": "pypi",
                "url": "https://pypi.org/simple",
                "verify_ssl": true
            }
        ]
    },
    "default": {
        "numpy": {
            "hashes": [
                "sha256:0778076e764e146d3078b17c24c4d89e0ecd4ac5401beff8e1c87879043a0633",
                "sha256:141c7102f20abe6cf0d54c4ced8d565b86df4d3077ba2343b61a6db996cefec7",
                "sha256:14270a1ee8917d11e7753fb54fc7ffd1934f4d529235beec0b275e2ccf00333b",
                "sha256:27e11c7a8ec9d5838bc59f809bfa86efc8a4fd02e58960fa9c49d998e14332d5",
                "sha256:2a04dda79606f3d2f760384c38ccd3d5b9bb79d4c8126b67aff5eb09a253763e",
                "sha256:52c40f1a4262c896420c6ea1c6fda62cf67070e3947e3307f5562bd783a90336",
                "sha256:6e4f8d9e8aa79321657079b9ac03f3cf3fd067bf31c1cca4f56d49543f4356a5",
                "sha256:7dc253b542bfd4b4eb88d9dbae4ca079e7bf2e2afd819ee18891a43db66c60c7",
                "sha256:94f5bd885f67bbb25c82d80184abbf7ce4f6c3c3a41fbaa4182f034bba803e69",
                "sha256:a89e188daa119ffa0d03ce5123dee3f8ffd5115c896c2a9d4f0dbb3d8b95bfa3",
                "sha256:b0348be89275fd1d4c44ffa39530c41a21062f52299b1e3ee7d1c61f060044b8",
                "sha256:b5554368e4ede1856121b0dfa35ce71768102e4aa55e526cb8de7f374ff78722",
                "sha256:d79f18f41751725c56eceab2a886f021d70fd70a6188fd386e29a045945ffc10",
                "sha256:e8baab1bc7c9152715844f1faca6744f2416929de10d7639ed49555a85549f52",
                "sha256:ec31fe12668af687b99acf1567399632a7c47b0e17cfb9ae47c098644ef36797"
            ],
            "index": "pypi",
            "version": "==1.16.4"
        },
        "opencv-contrib-python": {
            "hashes": [
                "sha256:08bc85b34652af8b58695473fbcd3859175267d6fd94af0fd22e9209797c724b",
                "sha256:0c66cfb3003b3121ffa10e5e8e9df3f9c9695ea58737cc1cc3148050da262abb",
                "sha256:12689a33d8e33b79904e0b843c2e987f9b8fe146b6156c5bbd26d8df0728b7a7",
                "sha256:17b8e7ae829c6fcf427abd34e378fca129fbf3b43a57e46b1f2d582b44e8a11e",
                "sha256:1ec1f062926520eee82f6ae0502bbe7252b2be08ea0d2b8303387f2d8846a04c",
                "sha256:2291c5d3f7ff58643d4357009776c4ef15acc22e3adf42a28def4f0d00a9e025",
                "sha256:24082be7541d69c12697ffe4a0210c0f9665ad8f783b55e4cb6dcc7d30c16e04",
                "sha256:27569ae60737485c89bba6d6759d54b14966ddaf60e72f834578b0c1deeea73b",
                "sha256:2a1b7c1f555c60785e83a188321a3f8c5047e974ac8556095ca24478471352f9",
                "sha256:36ab0ffc135e47ad1e9fef1622a9464fefbf6cf9d12a2bc15d57f061483af7d6",
                "sha256:374029881bb8a2231d3fc53a0d586e0fa13605af33b18f918d05f0d8de6416a0",
                "sha256:3a093c20d42863d68fe6f7123551d83cf702382c753fd7e35cfc1f4049a576be",
                "sha256:442f115e8121b8837917422a2d6f2854083321460ddd5660e0947d87668e4af2",
                "sha256:5faf2cc6c3aa7e7f2ded2925b8842c3036d9bebee28a24303d7468242ab02394",
                "sha256:7b56e8fd9f13fe7009e20947213f9e10920dd2a743e3a1a00fd112d3546308df",
                "sha256:825b67b4fd0cf4bc1671e01d44560eb42ee0cfadc5c451adf0354a220e55b37f",
                "sha256:a5fb913dee8c0d3aff3446e201bd832fe0936d449c74f53fe4c863d2c27800e7",
                "sha256:ac919e9a8bb4efd1b8694814fa3e0aecb043811fa416d2b70a925eda90245d62",
                "sha256:b84b4d78ac987e07a1e837444c2731b4a72bc7c0a90f3fbf399624d4b379fd2f",
                "sha256:ca67a1154029e3f752305a3b0be28f802ed2272d483c1cf12b6e6e7f4683d319",
                "sha256:d5abbe832c5827fb28c907d4b9c04c7a401764137daaf088a118bec63a5361b9",
                "sha256:dd4688de552fd1e6a78c2df2d64785e8c42def6d482d75104ca9f47daa753216",
                "sha256:e20b1ff15c6207107d0c206529add2900594a9476ea1f35694bba073d939a339",
                "sha256:e330a3cac502403200c1e195fcf70db4147ef6a767e72be21143c6e40eeab711",
                "sha256:e54c1541a19162336a9a2121af63ac1383c0fd0202cbff43cdb0eb0065d9793c",
                "sha256:ee46ff67d232fb6e8894d2e1cf15ef330b4dc98c7570d0b829d8c087029f675a",
                "sha256:fef0dd242d793dbe1c7ff2f4de7c51f75893f2384347062fbd2e64ad1942f7ec"
            ],
            "index": "pypi",
            "version": "==3.4.2.17"
        },
        "opencv-python": {
            "hashes": [
                "sha256:0495e9247fbbd5d88346bb4d480df27fb4000aa4799b5a15b1735968a94a5189",
                "sha256:078e8ea34d06b3fa459c58a6ce966ef715cc2e913b7bd96a46beb345975aa5d6",
                "sha256:0dbbd0348c8282d4e3cf472a8e2a17785f05c22a55647253fa00b539897f8fcc",
                "sha256:1b302b4721ca2d55ae7e9e80acebd73499c16a82be9bebc563a7937dbd348b2d",
                "sha256:1f035595ef2f296c234c2b8b9659162646b9312afd0cec7ab0217bad915ff068",
                "sha256:1f7fa5433c26c637cf923c59025df12fcd56b2d205da178c7ad6954e6e50912e",
                "sha256:20bd10b6f6f5de1a5e796900ab77ea57366139290f426d2039d3919d8ddf9f1c",
                "sha256:2306ddd98aa52688c9667f8080349d653d465a2b838cbacb19561286046ba1e8",
                "sha256:31945ea9e7324c41be925f2b21fcb523844b2399dc649010f3a3e97825dcfcd0",
                "sha256:36680744ebdc66a9da0a65f1f33ec9cf5d26a98749c5701dc612b334b213997d",
                "sha256:409e3a4c925accd68a5ab1cef21dd04b957c0ee2985db8f075a808dccd6e0f73",
                "sha256:440a093dda50daf093d73aae2dd333c9e4a593cfe7df8cbc298b421d313e263f",
                "sha256:4b0465c3df9dea074583b6b4f8cf22e5902c5c5ec213a479c6c834a8a0191cf7",
                "sha256:4b5902b647e66addfa5218dbc75e7a4de2f46c253ea17b234408f5792cfc8d7f",
                "sha256:4f0a5c098aad4df88ce7dc3828a857921368635e3a961e80431e60f3522a99be",
                "sha256:6df586230f9146afde5b8e2f4511978f8fb6172bf0f47ba290423979baae974d",
                "sha256:6e4fee2ee2bc4d911dad78e2b167da97796879aaade4be3ff42ff1993e250b15",
                "sha256:70f3c6fe31af7c00c60cb91bb7351837ba6c7b3d173b855ca5dbe265b90a1606",
                "sha256:78390d93834b6b7c9d9234dba68ba9c34a966f60e519efd2691e5c367dee7f8e",
                "sha256:81519bba8560c68f587482c157a74cf04d5a2877d4367377d2671e66eb7a3961",
                "sha256:87beeb6ad4ffcd6fbfbb464a8a75c7a1389a0642cc632ecceb504c86139567e3",
                "sha256:a354096290dd57ddb2664e7b21ddb6c6c2f5297cc4d8a402ce3f6a82a24807e3",
                "sha256:a4635e22637181b478d6ad337c94b596c98c16bdbae92ef90514bbf31e30ef3a",
                "sha256:b23359c21c4eb84f28fbe1331723bbf1ebc34125f22480da4b16cfae989a3249",
                "sha256:ba52829eafab59c5260bec012fad0e26bd05389828af0e316e278912c82dab32",
                "sha256:c672596fa261766d6d0cc02377755558b92dee80a64ee8dd6f58f4e56bf7835d",
                "sha256:fd6ac9a11faa5d1cbf014d059dd890ad6f0583f149e780ff7d0d3d47e68438d6"
            ],
            "index": "pypi",
            "version": "==3.4.2.17"
        }
    },
    "develop": {}
}
